
Microsoft Visual Studio Solution File, Format Version 12.00
# Visual Studio Version 17
VisualStudioVersion = 17.14.37502.11
MinimumVisualStudioVersion = 10.0.40219.1
Project("{2150E333-8FDC-42A3-9474-1A3956D46DE8}") = "core", "core", "{36D591C7-65C7-A0D1-1CBC-10CDE441BDC8}"
EndProject
Project("{2150E333-8FDC-42A3-9474-1A3956D46DE8}") = "infrastructure", "infrastructure", "{4DC5B142-8AFD-4A16-9252-7DED5C4AF54E}"
EndProject
Project("{2150E333-8FDC-42A3-9474-1A3956D46DE8}") = "presentation", "presentation", "{317AAAC5-2353-4B72-BE46-CAEE503292B4}"
EndProject
Project("{FAE04EC0-301F-11D3-BF4B-00C04F79EFBC}") = "LMSFinal.Application", "LMSFinal.Application\LMSFinal.Application.csproj", "{6F0BDE1B-CE3B-4584-95D5-E8A64C92405B}"
EndProject
Project("{FAE04EC0-301F-11D3-BF4B-00C04F79EFBC}") = "LMSFinal.Contracts", "LMSFinal.Contracts\LMSFinal.Contracts.csproj", "{8856934B-28B8-411D-9990-65D6C0F4C366}"
EndProject
Project("{FAE04EC0-301F-11D3-BF4B-00C04F79EFBC}") = "LMSFinal.Domain", "LMSFinal.Domain\LMSFinal.Domain.csproj", "{9BF504CC-5670-45EE-B910-89183B6628DB}"
EndProject
Project("{FAE04EC0-301F-11D3-BF4B-00C04F79EFBC}") = "LMSFinal.Infrastructure", "LMSFinal.Infrastructure\LMSFinal.Infrastructure.csproj", "{335EA092-DB9A-4C43-973F-ACD131498EDB}"
EndProject
Project("{FAE04EC0-301F-11D3-BF4B-00C04F79EFBC}") = "LMSFinal.Persistence", "LMSFinal.Persistence\LMSFinal.Persistence.csproj", "{3010F36B-18B6-4CFE-8DB3-EB40DC8C195F}"
EndProject
Project("{FAE04EC0-301F-11D3-BF4B-00C04F79EFBC}") = "LMSFinal.WebApi", "LMSFinal.WebApi\LMSFinal.WebApi.csproj", "{E70384A6-A269-47CC-AA08-D9BA0A1996CD}"
EndProject
Project("{FAE04EC0-301F-11D3-BF4B-00C04F79EFBC}") = "LMSFinal.Tests", "LMSFinal.Tests\LMSFinal.Tests.csproj", "{1239F414-BD00-4BD0-B948-A3583700F330}"
EndProject
Project("{2150E333-8FDC-42A3-9474-1A3956D46DE8}") = "Tests", "Tests", "{0F25E5F7-84B7-493E-8A8D-18A44E32C82C}"
EndProject
Global
	GlobalSection(SolutionConfigurationPlatforms) = preSolution
		Debug|Any CPU = Debug|Any CPU
		Debug|x64 = Debug|x64
		Debug|x86 = Debug|x86
		Release|Any CPU = Release|Any CPU
		Release|x64 = Release|x64
		Release|x86 = Release|x86
	EndGlobalSection
	GlobalSection(ProjectConfigurationPlatforms) = postSolution
		{6F0BDE1B-CE3B-4584-95D5-E8A64C92405B}.Debug|Any CPU.ActiveCfg = Debug|Any CPU
		{6F0BDE1B-CE3B-4584-95D5-E8A64C92405B}.Debug|Any CPU.Build.0 = Debug|Any CPU
		{6F0BDE1B-CE3B-4584-95D5-E8A64C92405B}.Debug|x64.ActiveCfg = Debug|Any CPU
		{6F0BDE1B-CE3B-4584-95D5-E8A64C92405B}.Debug|x64.Build.0 = Debug|Any CPU
		{6F0BDE1B-CE3B-4584-95D5-E8A64C92405B}.Debug|x86.ActiveCfg = Debug|Any CPU
		{6F0BDE1B-CE3B-4584-95D5-E8A64C92405B}.Debug|x86.Build.0 = Debug|Any CPU
		{6F0BDE1B-CE3B-4584-95D5-E8A64C92405B}.Release|Any CPU.ActiveCfg = Release|Any CPU
		{6F0BDE1B-CE3B-4584-95D5-E8A64C92405B}.Release|Any CPU.Build.0 = Release|Any CPU
		{6F0BDE1B-CE3B-4584-95D5-E8A64C92405B}.Release|x64.ActiveCfg = Release|Any CPU
		{6F0BDE1B-CE3B-4584-95D5-E8A64C92405B}.Release|x64.Build.0 = Release|Any CPU
		{6F0BDE1B-CE3B-4584-95D5-E8A64C92405B}.Release|x86.ActiveCfg = Release|Any CPU
		{6F0BDE1B-CE3B-4584-95D5-E8A64C92405B}.Release|x86.Build.0 = Release|Any CPU
		{8856934B-28B8-411D-9990-65D6C0F4C366}.Debug|Any CPU.ActiveCfg = Debug|Any CPU
		{8856934B-28B8-411D-9990-65D6C0F4C366}.Debug|Any CPU.Build.0 = Debug|Any CPU
		{8856934B-28B8-411D-9990-65D6C0F4C366}.Debug|x64.ActiveCfg = Debug|Any CPU
		{8856934B-28B8-411D-9990-65D6C0F4C366}.Debug|x64.Build.0 = Debug|Any CPU
		{8856934B-28B8-411D-9990-65D6C0F4C366}.Debug|x86.ActiveCfg = Debug|Any CPU
		{8856934B-28B8-411D-9990-65D6C0F4C366}.Debug|x86.Build.0 = Debug|Any CPU
		{8856934B-28B8-411D-9990-65D6C0F4C366}.Release|Any CPU.ActiveCfg = Release|Any CPU
		{8856934B-28B8-411D-9990-65D6C0F4C366}.Release|Any CPU.Build.0 = Release|Any CPU
		{8856934B-28B8-411D-9990-65D6C0F4C366}.Release|x64.ActiveCfg = Release|Any CPU
		{8856934B-28B8-411D-9990-65D6C0F4C366}.Release|x64.Build.0 = Release|Any CPU
		{8856934B-28B8-411D-9990-65D6C0F4C366}.Release|x86.ActiveCfg = Release|Any CPU
		{8856934B-28B8-411D-9990-65D6C0F4C366}.Release|x86.Build.0 = Release|Any CPU
		{9BF504CC-5670-45EE-B910-89183B6628DB}.Debug|Any CPU.ActiveCfg = Debug|Any CPU
		{9BF504CC-5670-45EE-B910-89183B6628DB}.Debug|Any CPU.Build.0 = Debug|Any CPU
		{9BF504CC-5670-45EE-B910-89183B6628DB}.Debug|x64.ActiveCfg = Debug|Any CPU
		{9BF504CC-5670-45EE-B910-89183B6628DB}.Debug|x64.Build.0 = Debug|Any CPU
		{9BF504CC-5670-45EE-B910-89183B6628DB}.Debug|x86.ActiveCfg = Debug|Any CPU
		{9BF504CC-5670-45EE-B910-89183B6628DB}.Debug|x86.Build.0 = Debug|Any CPU
		{9BF504CC-5670-45EE-B910-89183B6628DB}.Release|Any CPU.ActiveCfg = Release|Any CPU
		{9BF504CC-5670-45EE-B910-89183B6628DB}.Release|Any CPU.Build.0 = Release|Any CPU
		{9BF504CC-5670-45EE-B910-89183B6628DB}.Release|x64.ActiveCfg = Release|Any CPU
		{9BF504CC-5670-45EE-B910-89183B6628DB}.Release|x64.Build.0 = Release|Any CPU
		{9BF504CC-5670-45EE-B910-89183B6628DB}.Release|x86.ActiveCfg = Release|Any CPU
		{9BF504CC-5670-45EE-B910-89183B6628DB}.Release|x86.Build.0 = Release|Any CPU
		{335EA092-DB9A-4C43-973F-ACD131498EDB}.Debug|Any CPU.ActiveCfg = Debug|Any CPU
		{335EA092-DB9A-4C43-973F-ACD131498EDB}.Debug|Any CPU.Build.0 = Debug|Any CPU
		{335EA092-DB9A-4C43-973F-ACD131498EDB}.Debug|x64.ActiveCfg = Debug|Any CPU
		{335EA092-DB9A-4C43-973F-ACD131498EDB}.Debug|x64.Build.0 = Debug|Any CPU
		{335EA092-DB9A-4C43-973F-ACD131498EDB}.Debug|x86.ActiveCfg = Debug|Any CPU
		{335EA092-DB9A-4C43-973F-ACD131498EDB}.Debug|x86.Build.0 = Debug|Any CPU
		{335EA092-DB9A-4C43-973F-ACD131498EDB}.Release|Any CPU.ActiveCfg = Release|Any CPU
		{335EA092-DB9A-4C43-973F-ACD131498EDB}.Release|Any CPU.Build.0 = Release|Any CPU
		{335EA092-DB9A-4C43-973F-ACD131498EDB}.Release|x64.ActiveCfg = Release|Any CPU
		{335EA092-DB9A-4C43-973F-ACD131498EDB}.Release|x64.Build.0 = Release|Any CPU
		{335EA092-DB9A-4C43-973F-ACD131498EDB}.Release|x86.ActiveCfg = Release|Any CPU
		{335EA092-DB9A-4C43-973F-ACD131498EDB}.Release|x86.Build.0 = Release|Any CPU
		{3010F36B-18B6-4CFE-8DB3-EB40DC8C195F}.Debug|Any CPU.ActiveCfg = Debug|Any CPU
		{3010F36B-18B6-4CFE-8DB3-EB40DC8C195F}.Debug|Any CPU.Build.0 = Debug|Any CPU
		{3010F36B-18B6-4CFE-8DB3-EB40DC8C195F}.Debug|x64.ActiveCfg = Debug|Any CPU
		{3010F36B-18B6-4CFE-8DB3-EB40DC8C195F}.Debug|x64.Build.0 = Debug|Any CPU
		{3010F36B-18B6-4CFE-8DB3-EB40DC8C195F}.Debug|x86.ActiveCfg = Debug|Any CPU
		{3010F36B-18B6-4CFE-8DB3-EB40DC8C195F}.Debug|x86.Build.0 = Debug|Any CPU
		{3010F36B-18B6-4CFE-8DB3-EB40DC8C195F}.Release|Any CPU.ActiveCfg = Release|Any CPU
		{3010F36B-18B6-4CFE-8DB3-EB40DC8C195F}.Release|Any CPU.Build.0 = Release|Any CPU
		{3010F36B-18B6-4CFE-8DB3-EB40DC8C195F}.Release|x64.ActiveCfg = Release|Any CPU
		{3010F36B-18B6-4CFE-8DB3-EB40DC8C195F}.Release|x64.Build.0 = Release|Any CPU
		{3010F36B-18B6-4CFE-8DB3-EB40DC8C195F}.Release|x86.ActiveCfg = Release|Any CPU
		{3010F36B-18B6-4CFE-8DB3-EB40DC8C195F}.Release|x86.Build.0 = Release|Any CPU
		{E70384A6-A269-47CC-AA08-D9BA0A1996CD}.Debug|Any CPU.ActiveCfg = Debug|Any CPU
		{E70384A6-A269-47CC-AA08-D9BA0A1996CD}.Debug|Any CPU.Build.0 = Debug|Any CPU
		{E70384A6-A269-47CC-AA08-D9BA0A1996CD}.Debug|x64.ActiveCfg = Debug|Any CPU
		{E70384A6-A269-47CC-AA08-D9BA0A1996CD}.Debug|x64.Build.0 = Debug|Any CPU
		{E70384A6-A269-47CC-AA08-D9BA0A1996CD}.Debug|x86.ActiveCfg = Debug|Any CPU
		{E70384A6-A269-47CC-AA08-D9BA0A1996CD}.Debug|x86.Build.0 = Debug|Any CPU
		{E70384A6-A269-47CC-AA08-D9BA0A1996CD}.Release|Any CPU.ActiveCfg = Release|Any CPU
		{E70384A6-A269-47CC-AA08-D9BA0A1996CD}.Release|Any CPU.Build.0 = Release|Any CPU
		{E70384A6-A269-47CC-AA08-D9BA0A1996CD}.Release|x64.ActiveCfg = Release|Any CPU
		{E70384A6-A269-47CC-AA08-D9BA0A1996CD}.Release|x64.Build.0 = Release|Any CPU
		{E70384A6-A269-47CC-AA08-D9BA0A1996CD}.Release|x86.ActiveCfg = Release|Any CPU
		{E70384A6-A269-47CC-AA08-D9BA0A1996CD}.Release|x86.Build.0 = Release|Any CPU
		{1239F414-BD00-4BD0-B948-A3583700F330}.Debug|Any CPU.ActiveCfg = Debug|Any CPU
		{1239F414-BD00-4BD0-B948-A3583700F330}.Debug|Any CPU.Build.0 = Debug|Any CPU
		{1239F414-BD00-4BD0-B948-A3583700F330}.Debug|x64.ActiveCfg = Debug|Any CPU
		{1239F414-BD00-4BD0-B948-A3583700F330}.Debug|x64.Build.0 = Debug|Any CPU
		{1239F414-BD00-4BD0-B948-A3583700F330}.Debug|x86.ActiveCfg = Debug|Any CPU
		{1239F414-BD00-4BD0-B948-A3583700F330}.Debug|x86.Build.0 = Debug|Any CPU
		{1239F414-BD00-4BD0-B948-A3583700F330}.Release|Any CPU.ActiveCfg = Release|Any CPU
		{1239F414-BD00-4BD0-B948-A3583700F330}.Release|Any CPU.Build.0 = Release|Any CPU
		{1239F414-BD00-4BD0-B948-A3583700F330}.Release|x64.ActiveCfg = Release|Any CPU
		{1239F414-BD00-4BD0-B948-A3583700F330}.Release|x64.Build.0 = Release|Any CPU
		{1239F414-BD00-4BD0-B948-A3583700F330}.Release|x86.ActiveCfg = Release|Any CPU
		{1239F414-BD00-4BD0-B948-A3583700F330}.Release|x86.Build.0 = Release|Any CPU
	EndGlobalSection
	GlobalSection(SolutionProperties) = preSolution
		HideSolutionNode = FALSE
	EndGlobalSection
	GlobalSection(NestedProjects) = preSolution
		{6F0BDE1B-CE3B-4584-95D5-E8A64C92405B} = {36D591C7-65C7-A0D1-1CBC-10CDE441BDC8}
		{8856934B-28B8-411D-9990-65D6C0F4C366} = {36D591C7-65C7-A0D1-1CBC-10CDE441BDC8}
		{9BF504CC-5670-45EE-B910-89183B6628DB} = {36D591C7-65C7-A0D1-1CBC-10CDE441BDC8}
		{335EA092-DB9A-4C43-973F-ACD131498EDB} = {4DC5B142-8AFD-4A16-9252-7DED5C4AF54E}
		{3010F36B-18B6-4CFE-8DB3-EB40DC8C195F} = {4DC5B142-8AFD-4A16-9252-7DED5C4AF54E}
		{E70384A6-A269-47CC-AA08-D9BA0A1996CD} = {317AAAC5-2353-4B72-BE46-CAEE503292B4}
		{1239F414-BD00-4BD0-B948-A3583700F330} = {0F25E5F7-84B7-493E-8A8D-18A44E32C82C}
	EndGlobalSection
	GlobalSection(ExtensibilityGlobals) = postSolution
		SolutionGuid = {0981B251-994B-4388-B270-917A88EB6EFD}
	EndGlobalSection
EndGlobal
